// !$*UTF8*$!
{
	archiveVersion = 1;
	classes = {
	};
	objectVersion = 56;
	objects = {

/* Begin PBXBuildFile section */
		9E555D982A01145D00C38045 /* StoreKit.swift in Sources */ = {isa = PBXBuildFile; fileRef = 9E555D8A2A01145D00C38045 /* StoreKit.swift */; };
		9E8BE2202A01160E00F03727 /* PopupViews.swift in Sources */ = {isa = PBXBuildFile; fileRef = 9E8BE21F2A01160E00F03727 /* PopupViews.swift */; };
		9E8BE2222A01164100F03727 /* AnimalGridViews.swift in Sources */ = {isa = PBXBuildFile; fileRef = 9E8BE2212A01164100F03727 /* AnimalGridViews.swift */; };
		9E8BE2242A01167A00F03727 /* ContentViews.swift in Sources */ = {isa = PBXBuildFile; fileRef = 9E8BE2232A01167A00F03727 /* ContentViews.swift */; };
		9E8BE22C2A05114300F03727 /* SoundFiles in Resources */ = {isa = PBXBuildFile; fileRef = 9E8BE22B2A05114300F03727 /* SoundFiles */; };
		9E8BE22F2A0511BF00F03727 /* AVFoundation.framework in Frameworks */ = {isa = PBXBuildFile; fileRef = 9E8BE22E2A0511BF00F03727 /* AVFoundation.framework */; };
		9E9A10D72A0112180088EB58 /* CategoryListView.swift in Sources */ = {isa = PBXBuildFile; fileRef = 9E9A10D02A0112180088EB58 /* CategoryListView.swift */; };
		9E9A10DB2A0112180088EB58 /* AnimalData.swift in Sources */ = {isa = PBXBuildFile; fileRef = 9E9A10D42A0112180088EB58 /* AnimalData.swift */; };
		9E9A10E22A01139A0088EB58 /* Animal.swift in Sources */ = {isa = PBXBuildFile; fileRef = 9E9A10E12A01139A0088EB58 /* Animal.swift */; };
		9EACBF8A29E8032000C71CD6 /* Assets.xcassets in Resources */ = {isa = PBXBuildFile; fileRef = 9EACBF8929E8032000C71CD6 /* Assets.xcassets */; };
		9EACBF8D29E8032000C71CD6 /* Preview Assets.xcassets in Resources */ = {isa = PBXBuildFile; fileRef = 9EACBF8C29E8032000C71CD6 /* Preview Assets.xcassets */; };
/* End PBXBuildFile section */

/* Begin PBXFileReference section */
		9E555D8A2A01145D00C38045 /* StoreKit.swift */ = {isa = PBXFileReference; fileEncoding = 4; lastKnownFileType = sourcecode.swift; path = StoreKit.swift; sourceTree = "<group>"; };
		9E8BE21F2A01160E00F03727 /* PopupViews.swift */ = {isa = PBXFileReference; lastKnownFileType = sourcecode.swift; path = PopupViews.swift; sourceTree = "<group>"; };
		9E8BE2212A01164100F03727 /* AnimalGridViews.swift */ = {isa = PBXFileReference; lastKnownFileType = sourcecode.swift; path = AnimalGridViews.swift; sourceTree = "<group>"; };
		9E8BE2232A01167A00F03727 /* ContentViews.swift */ = {isa = PBXFileReference; lastKnownFileType = sourcecode.swift; path = ContentViews.swift; sourceTree = "<group>"; };
		9E8BE22B2A05114300F03727 /* SoundFiles */ = {isa = PBXFileReference; lastKnownFileType = folder; path = SoundFiles; sourceTree = "<group>"; };
		9E8BE22E2A0511BF00F03727 /* AVFoundation.framework */ = {isa = PBXFileReference; lastKnownFileType = wrapper.framework; name = AVFoundation.framework; path = System/Library/Frameworks/AVFoundation.framework; sourceTree = SDKROOT; };
		9E9A10D02A0112180088EB58 /* CategoryListView.swift */ = {isa = PBXFileReference; fileEncoding = 4; lastKnownFileType = sourcecode.swift; path = CategoryListView.swift; sourceTree = "<group>"; };
		9E9A10D42A0112180088EB58 /* AnimalData.swift */ = {isa = PBXFileReference; fileEncoding = 4; lastKnownFileType = sourcecode.swift; path = AnimalData.swift; sourceTree = "<group>"; };
		9E9A10E12A01139A0088EB58 /* Animal.swift */ = {isa = PBXFileReference; fileEncoding = 4; lastKnownFileType = sourcecode.swift; path = Animal.swift; sourceTree = "<group>"; };
		9EACBF8229E8031F00C71CD6 /* AnimalSounds.app */ = {isa = PBXFileReference; explicitFileType = wrapper.application; includeInIndex = 0; path = AnimalSounds.app; sourceTree = BUILT_PRODUCTS_DIR; };
		9EACBF8929E8032000C71CD6 /* Assets.xcassets */ = {isa = PBXFileReference; lastKnownFileType = folder.assetcatalog; path = Assets.xcassets; sourceTree = "<group>"; };
		9EACBF8C29E8032000C71CD6 /* Preview Assets.xcassets */ = {isa = PBXFileReference; lastKnownFileType = folder.assetcatalog; path = "Preview Assets.xcassets"; sourceTree = "<group>"; };
/* End PBXFileReference section */

/* Begin PBXFrameworksBuildPhase section */
		9EACBF7F29E8031F00C71CD6 /* Frameworks */ = {
			isa = PBXFrameworksBuildPhase;
			buildActionMask = 2147483647;
			files = (
				9E8BE22F2A0511BF00F03727 /* AVFoundation.framework in Frameworks */,
			);
			runOnlyForDeploymentPostprocessing = 0;
		};
/* End PBXFrameworksBuildPhase section */

/* Begin PBXGroup section */
		9E8BE22D2A0511BF00F03727 /* Frameworks */ = {
			isa = PBXGroup;
			children = (
				9E8BE22E2A0511BF00F03727 /* AVFoundation.framework */,
			);
			name = Frameworks;
			sourceTree = "<group>";
		};
		9EACBF7929E8031F00C71CD6 = {
			isa = PBXGroup;
			children = (
				9EACBF8429E8031F00C71CD6 /* AnimalSounds */,
				9EACBF8329E8031F00C71CD6 /* Products */,
				9E8BE22D2A0511BF00F03727 /* Frameworks */,
			);
			sourceTree = "<group>";
		};
		9EACBF8329E8031F00C71CD6 /* Products */ = {
			isa = PBXGroup;
			children = (
				9EACBF8229E8031F00C71CD6 /* AnimalSounds.app */,
			);
			name = Products;
			sourceTree = "<group>";
		};
		9EACBF8429E8031F00C71CD6 /* AnimalSounds */ = {
			isa = PBXGroup;
			children = (
				9E9A10E12A01139A0088EB58 /* Animal.swift */,
				9E9A10D42A0112180088EB58 /* AnimalData.swift */,
				9E8BE2212A01164100F03727 /* AnimalGridViews.swift */,
				9E9A10D02A0112180088EB58 /* CategoryListView.swift */,
				9E8BE2232A01167A00F03727 /* ContentViews.swift */,
				9E8BE21F2A01160E00F03727 /* PopupViews.swift */,
				9E555D8A2A01145D00C38045 /* StoreKit.swift */,
				9EACBF8929E8032000C71CD6 /* Assets.xcassets */,
				9E8BE22B2A05114300F03727 /* SoundFiles */,
				9EACBF8B29E8032000C71CD6 /* Preview Content */,
			);
			path = AnimalSounds;
			sourceTree = "<group>";
		};
		9EACBF8B29E8032000C71CD6 /* Preview Content */ = {
			isa = PBXGroup;
			children = (
				9EACBF8C29E8032000C71CD6 /* Preview Assets.xcassets */,
			);
			path = "Preview Content";
			sourceTree = "<group>";
		};
/* End PBXGroup section */

/* Begin PBXNativeTarget section */
		9EACBF8129E8031F00C71CD6 /* AnimalSounds */ = {
			isa = PBXNativeTarget;
			buildConfigurationList = 9EACBF9029E8032000C71CD6 /* Build configuration list for PBXNativeTarget "AnimalSounds" */;
			buildPhases = (
				9EACBF7E29E8031F00C71CD6 /* Sources */,
				9EACBF7F29E8031F00C71CD6 /* Frameworks */,
				9EACBF8029E8031F00C71CD6 /* Resources */,
			);
			buildRules = (
			);
			dependencies = (
			);
			name = AnimalSounds;
			productName = AnimalSounds;
			productReference = 9EACBF8229E8031F00C71CD6 /* AnimalSounds.app */;
			productType = "com.apple.product-type.application";
		};
/* End PBXNativeTarget section */

/* Begin PBXProject section */
		9EACBF7A29E8031F00C71CD6 /* Project object */ = {
			isa = PBXProject;
			attributes = {
				BuildIndependentTargetsInParallel = 1;
				LastSwiftUpdateCheck = 1430;
				LastUpgradeCheck = 1430;
				TargetAttributes = {
					9EACBF8129E8031F00C71CD6 = {
						CreatedOnToolsVersion = 14.3;
					};
				};
			};
			buildConfigurationList = 9EACBF7D29E8031F00C71CD6 /* Build configuration list for PBXProject "AnimalSounds" */;
			compatibilityVersion = "Xcode 14.0";
			developmentRegion = en;
			hasScannedForEncodings = 0;
			knownRegions = (
				en,
				Base,
			);
			mainGroup = 9EACBF7929E8031F00C71CD6;
			productRefGroup = 9EACBF8329E8031F00C71CD6 /* Products */;
			projectDirPath = "";
			projectRoot = "";
			targets = (
				9EACBF8129E8031F00C71CD6 /* AnimalSounds */,
			);
		};
/* End PBXProject section */

/* Begin PBXResourcesBuildPhase section */
		9EACBF8029E8031F00C71CD6 /* Resources */ = {
			isa = PBXResourcesBuildPhase;
			buildActionMask = 2147483647;
			files = (
				9E8BE22C2A05114300F03727 /* SoundFiles in Resources */,
				9EACBF8D29E8032000C71CD6 /* Preview Assets.xcassets in Resources */,
				9EACBF8A29E8032000C71CD6 /* Assets.xcassets in Resources */,
			);
			runOnlyForDeploymentPostprocessing = 0;
		};
/* End PBXResourcesBuildPhase section */

/* Begin PBXSourcesBuildPhase section */
		9EACBF7E29E8031F00C71CD6 /* Sources */ = {
			isa = PBXSourcesBuildPhase;
			buildActionMask = 2147483647;
			files = (
				9E8BE2222A01164100F03727 /* AnimalGridViews.swift in Sources */,
				9E9A10E22A01139A0088EB58 /* Animal.swift in Sources */,
				9E9A10DB2A0112180088EB58 /* AnimalData.swift in Sources */,
				9E8BE2202A01160E00F03727 /* PopupViews.swift in Sources */,
				9E9A10D72A0112180088EB58 /* CategoryListView.swift in Sources */,
				9E555D982A01145D00C38045 /* StoreKit.swift in Sources */,
				9E8BE2242A01167A00F03727 /* ContentViews.swift in Sources */,
			);
			runOnlyForDeploymentPostprocessing = 0;
		};
/* End PBXSourcesBuildPhase section */

/* Begin XCBuildConfiguration section */
		9EACBF8E29E8032000C71CD6 /* Debug */ = {
			isa = XCBuildConfiguration;
			buildSettings = {
				ALWAYS_SEARCH_USER_PATHS = NO;
				CLANG_ANALYZER_NONNULL = YES;
				CLANG_ANALYZER_NUMBER_OBJECT_CONVERSION = YES_AGGRESSIVE;
				CLANG_CXX_LANGUAGE_STANDARD = "gnu++20";
				CLANG_ENABLE_MODULES = YES;
				CLANG_ENABLE_OBJC_ARC = YES;
				CLANG_ENABLE_OBJC_WEAK = YES;
				CLANG_WARN_BLOCK_CAPTURE_AUTORELEASING = YES;
				CLANG_WARN_BOOL_CONVERSION = YES;
				CLANG_WARN_COMMA = YES;
				CLANG_WARN_CONSTANT_CONVERSION = YES;
				CLANG_WARN_DEPRECATED_OBJC_IMPLEMENTATIONS = YES;
				CLANG_WARN_DIRECT_OBJC_ISA_USAGE = YES_ERROR;
				CLANG_WARN_DOCUMENTATION_COMMENTS = YES;
				CLANG_WARN_EMPTY_BODY = YES;
				CLANG_WARN_ENUM_CONVERSION = YES;
				CLANG_WARN_INFINITE_RECURSION = YES;
				CLANG_WARN_INT_CONVERSION = YES;
				CLANG_WARN_NON_LITERAL_NULL_CONVERSION = YES;
				CLANG_WARN_OBJC_IMPLICIT_RETAIN_SELF = YES;
				CLANG_WARN_OBJC_LITERAL_CONVERSION = YES;
				CLANG_WARN_OBJC_ROOT_CLASS = YES_ERROR;
				CLANG_WARN_QUOTED_INCLUDE_IN_FRAMEWORK_HEADER = YES;
				CLANG_WARN_RANGE_LOOP_ANALYSIS = YES;
				CLANG_WARN_STRICT_PROTOTYPES = YES;
				CLANG_WARN_SUSPICIOUS_MOVE = YES;
				CLANG_WARN_UNGUARDED_AVAILABILITY = YES_AGGRESSIVE;
				CLANG_WARN_UNREACHABLE_CODE = YES;
				CLANG_WARN__DUPLICATE_METHOD_MATCH = YES;
				COPY_PHASE_STRIP = NO;
				DEBUG_INFORMATION_FORMAT = dwarf;
				ENABLE_STRICT_OBJC_MSGSEND = YES;
				ENABLE_TESTABILITY = YES;
				GCC_C_LANGUAGE_STANDARD = gnu11;
				GCC_DYNAMIC_NO_PIC = NO;
				GCC_NO_COMMON_BLOCKS = YES;
				GCC_OPTIMIZATION_LEVEL = 0;
				GCC_PREPROCESSOR_DEFINITIONS = (
					"DEBUG=1",
					"$(inherited)",
				);
				GCC_WARN_64_TO_32_BIT_CONVERSION = YES;
				GCC_WARN_ABOUT_RETURN_TYPE = YES_ERROR;
				GCC_WARN_UNDECLARED_SELECTOR = YES;
				GCC_WARN_UNINITIALIZED_AUTOS = YES_AGGRESSIVE;
				GCC_WARN_UNUSED_FUNCTION = YES;
				GCC_WARN_UNUSED_VARIABLE = YES;
				IPHONEOS_DEPLOYMENT_TARGET = 16.4;
				MTL_ENABLE_DEBUG_INFO = INCLUDE_SOURCE;
				MTL_FAST_MATH = YES;
				ONLY_ACTIVE_ARCH = YES;
				SDKROOT = iphoneos;
				SWIFT_ACTIVE_COMPILATION_CONDITIONS = DEBUG;
				SWIFT_OPTIMIZATION_LEVEL = "-Onone";
			};
			name = Debug;
		};
		9EACBF8F29E8032000C71CD6 /* Release */ = {
			isa = XCBuildConfiguration;
			buildSettings = {
				ALWAYS_SEARCH_USER_PATHS = NO;
				CLANG_ANALYZER_NONNULL = YES;
				CLANG_ANALYZER_NUMBER_OBJECT_CONVERSION = YES_AGGRESSIVE;
				CLANG_CXX_LANGUAGE_STANDARD = "gnu++20";
				CLANG_ENABLE_MODULES = YES;
				CLANG_ENABLE_OBJC_ARC = YES;
				CLANG_ENABLE_OBJC_WEAK = YES;
				CLANG_WARN_BLOCK_CAPTURE_AUTORELEASING = YES;
				CLANG_WARN_BOOL_CONVERSION = YES;
				CLANG_WARN_COMMA = YES;
				CLANG_WARN_CONSTANT_CONVERSION = YES;
				CLANG_WARN_DEPRECATED_OBJC_IMPLEMENTATIONS = YES;
				CLANG_WARN_DIRECT_OBJC_ISA_USAGE = YES_ERROR;
				CLANG_WARN_DOCUMENTATION_COMMENTS = YES;
				CLANG_WARN_EMPTY_BODY = YES;
				CLANG_WARN_ENUM_CONVERSION = YES;
				CLANG_WARN_INFINITE_RECURSION = YES;
				CLANG_WARN_INT_CONVERSION = YES;
				CLANG_WARN_NON_LITERAL_NULL_CONVERSION = YES;
				CLANG_WARN_OBJC_IMPLICIT_RETAIN_SELF = YES;
				CLANG_WARN_OBJC_LITERAL_CONVERSION = YES;
				CLANG_WARN_OBJC_ROOT_CLASS = YES_ERROR;
				CLANG_WARN_QUOTED_INCLUDE_IN_FRAMEWORK_HEADER = YES;
				CLANG_WARN_RANGE_LOOP_ANALYSIS = YES;
				CLANG_WARN_STRICT_PROTOTYPES = YES;
				CLANG_WARN_SUSPICIOUS_MOVE = YES;
				CLANG_WARN_UNGUARDED_AVAILABILITY = YES_AGGRESSIVE;
				CLANG_WARN_UNREACHABLE_CODE = YES;
				CLANG_WARN__DUPLICATE_METHOD_MATCH = YES;
				COPY_PHASE_STRIP = NO;
				DEBUG_INFORMATION_FORMAT = "dwarf-with-dsym";
				ENABLE_NS_ASSERTIONS = NO;
				ENABLE_STRICT_OBJC_MSGSEND = YES;
				GCC_C_LANGUAGE_STANDARD = gnu11;
				GCC_NO_COMMON_BLOCKS = YES;
				GCC_WARN_64_TO_32_BIT_CONVERSION = YES;
				GCC_WARN_ABOUT_RETURN_TYPE = YES_ERROR;
				GCC_WARN_UNDECLARED_SELECTOR = YES;
				GCC_WARN_UNINITIALIZED_AUTOS = YES_AGGRESSIVE;
				GCC_WARN_UNUSED_FUNCTION = YES;
				GCC_WARN_UNUSED_VARIABLE = YES;
				IPHONEOS_DEPLOYMENT_TARGET = 16.4;
				MTL_ENABLE_DEBUG_INFO = NO;
				MTL_FAST_MATH = YES;
				SDKROOT = iphoneos;
				SWIFT_COMPILATION_MODE = wholemodule;
				SWIFT_OPTIMIZATION_LEVEL = "-O";
				VALIDATE_PRODUCT = YES;
			};
			name = Release;
		};
		9EACBF9129E8032000C71CD6 /* Debug */ = {
			isa = XCBuildConfiguration;
			buildSettings = {
				ASSETCATALOG_COMPILER_APPICON_NAME = AppIcon;
				ASSETCATALOG_COMPILER_GLOBAL_ACCENT_COLOR_NAME = AccentColor;
				CODE_SIGN_STYLE = Automatic;
				CURRENT_PROJECT_VERSION = 1;
				DEVELOPMENT_ASSET_PATHS = "\"AnimalSounds/Preview Content\"";
				DEVELOPMENT_TEAM = 9Z9BPY33CE;
				ENABLE_PREVIEWS = YES;
				GENERATE_INFOPLIST_FILE = YES;
				INFOPLIST_KEY_LSApplicationCategoryType = "public.app-category.kids-games";
				INFOPLIST_KEY_UIApplicationSceneManifest_Generation = YES;
				INFOPLIST_KEY_UIApplicationSupportsIndirectInputEvents = YES;
				INFOPLIST_KEY_UILaunchScreen_Generation = YES;
				INFOPLIST_KEY_UISupportedInterfaceOrientations = UIInterfaceOrientationPortrait;
				INFOPLIST_KEY_UISupportedInterfaceOrientations_iPad = "UIInterfaceOrientationLandscapeLeft UIInterfaceOrientationLandscapeRight UIInterfaceOrientationPortrait";
				IPHONEOS_DEPLOYMENT_TARGET = 14.0;
				LD_RUNPATH_SEARCH_PATHS = (
					"$(inherited)",
					"@executable_path/Frameworks",
				);
				MARKETING_VERSION = 1.0;
				PRODUCT_BUNDLE_IDENTIFIER = vanderhaak.myPlayground.AnimalSounds;
				PRODUCT_NAME = "$(TARGET_NAME)";
				SUPPORTED_PLATFORMS = "iphoneos iphonesimulator";
				SUPPORTS_MACCATALYST = NO;
				SUPPORTS_MAC_DESIGNED_FOR_IPHONE_IPAD = NO;
				SWIFT_EMIT_LOC_STRINGS = YES;
				SWIFT_VERSION = 5.0;
				TARGETED_DEVICE_FAMILY = "1,2";
			};
			name = Debug;
		};
		9EACBF9229E8032000C71CD6 /* Release */ = {
			isa = XCBuildConfiguration;
			buildSettings = {
				ASSETCATALOG_COMPILER_APPICON_NAME = AppIcon;
				ASSETCATALOG_COMPILER_GLOBAL_ACCENT_COLOR_NAME = AccentColor;
				CODE_SIGN_STYLE = Automatic;
				CURRENT_PROJECT_VERSION = 1;
				DEVELOPMENT_ASSET_PATHS = "\"AnimalSounds/Preview Content\"";
				DEVELOPMENT_TEAM = 9Z9BPY33CE;
				ENABLE_PREVIEWS = YES;
				GENERATE_INFOPLIST_FILE = YES;
				INFOPLIST_KEY_LSApplicationCategoryType = "public.app-category.kids-games";
				INFOPLIST_KEY_UIApplicationSceneManifest_Generation = YES;
				INFOPLIST_KEY_UIApplicationSupportsIndirectInputEvents = YES;
				INFOPLIST_KEY_UILaunchScreen_Generation = YES;
				INFOPLIST_KEY_UISupportedInterfaceOrientations = UIInterfaceOrientationPortrait;
				INFOPLIST_KEY_UISupportedInterfaceOrientations_iPad = "UIInterfaceOrientationLandscapeLeft UIInterfaceOrientationLandscapeRight UIInterfaceOrientationPortrait";
				IPHONEOS_DEPLOYMENT_TARGET = 14.0;
				LD_RUNPATH_SEARCH_PATHS = (
					"$(inherited)",
					"@executable_path/Frameworks",
				);
				MARKETING_VERSION = 1.0;
				PRODUCT_BUNDLE_IDENTIFIER = vanderhaak.myPlayground.AnimalSounds;
				PRODUCT_NAME = "$(TARGET_NAME)";
				SUPPORTED_PLATFORMS = "iphoneos iphonesimulator";
				SUPPORTS_MACCATALYST = NO;
				SUPPORTS_MAC_DESIGNED_FOR_IPHONE_IPAD = NO;
				SWIFT_EMIT_LOC_STRINGS = YES;
				SWIFT_VERSION = 5.0;
				TARGETED_DEVICE_FAMILY = "1,2";
			};
			name = Release;
		};
/* End XCBuildConfiguration section */

/* Begin XCConfigurationList section */
		9EACBF7D29E8031F00C71CD6 /* Build configuration list for PBXProject "AnimalSounds" */ = {
			isa = XCConfigurationList;
			buildConfigurations = (
				9EACBF8E29E8032000C71CD6 /* Debug */,
				9EACBF8F29E8032000C71CD6 /* Release */,
			);
			defaultConfigurationIsVisible = 0;
			defaultConfigurationName = Release;
		};
		9EACBF9029E8032000C71CD6 /* Build configuration list for PBXNativeTarget "AnimalSounds" */ = {
			isa = XCConfigurationList;
			buildConfigurations = (
				9EACBF9129E8032000C71CD6 /* Debug */,
				9EACBF9229E8032000C71CD6 /* Release */,
			);
			defaultConfigurationIsVisible = 0;
			defaultConfigurationName = Release;
		};
/* End XCConfigurationList section */
	};
	rootObject = 9EACBF7A29E8031F00C71CD6 /* Project object */;
}
